
Microsoft Visual Studio Solution File, Format Version 12.00
# Visual Studio Version 16
VisualStudioVersion = 16.0.32602.291
MinimumVisualStudioVersion = 10.0.40219.1
Project("{FAE04EC0-301F-11D3-BF4B-00C04F79EFBC}") = "alberto", "alberto\alberto.csproj", "{47441A94-B4CB-456C-8B81-B7B9C0FA0472}"
EndProject
Global
	GlobalSection(SolutionConfigurationPlatforms) = preSolution
		Debug|Any CPU = Debug|Any CPU
		Release|Any CPU = Release|Any CPU
	EndGlobalSection
	GlobalSection(ProjectConfigurationPlatforms) = postSolution
		{47441A94-B4CB-456C-8B81-B7B9C0FA0472}.Debug|Any CPU.ActiveCfg = Debug|Any CPU
		{47441A94-B4CB-456C-8B81-B7B9C0FA0472}.Debug|Any CPU.Build.0 = Debug|Any CPU
		{47441A94-B4CB-456C-8B81-B7B9C0FA0472}.Release|Any CPU.ActiveCfg = Release|Any CPU
		{47441A94-B4CB-456C-8B81-B7B9C0FA0472}.Release|Any CPU.Build.0 = Release|Any CPU
	EndGlobalSection
	GlobalSection(SolutionProperties) = preSolution
		HideSolutionNode = FALSE
	EndGlobalSection
	GlobalSection(ExtensibilityGlobals) = postSolution
		SolutionGuid = {166DE8E7-0439-4980-91F2-01080E0AFC12}
	EndGlobalSection
EndGlobal
